
Microsoft Visual Studio Solution File, Format Version 12.00
# Visual Studio Version 16
VisualStudioVersion = 16.0.29806.167
MinimumVisualStudioVersion = 10.0.40219.1
Project("{FAE04EC0-301F-11D3-BF4B-00C04F79EFBC}") = "TestProjectForUSAR", "TestProjectForUSAR.csproj", "{48D9DB68-F7C5-4217-96BE-CF6B3A34C1AA}"
EndProject
Project("{2150E333-8FDC-42A3-9474-1A3956D46DE8}") = "src", "src", "{A5B25D0E-2051-411F-B357-61CD085D5532}"
EndProject
Project("{2150E333-8FDC-42A3-9474-1A3956D46DE8}") = "UI", "UI", "{D34256FE-8163-4C80-9266-12483623B72D}"
EndProject
Project("{2150E333-8FDC-42A3-9474-1A3956D46DE8}") = "tests", "tests", "{8B20D888-92E7-4EB8-920F-58909B5A7387}"
EndProject
Project("{FAE04EC0-301F-11D3-BF4B-00C04F79EFBC}") = "Domain", "..\Domain\Domain\Domain.csproj", "{FEE294E4-7313-47BE-9F45-F12F58FD69E6}"
EndProject
Project("{FAE04EC0-301F-11D3-BF4B-00C04F79EFBC}") = "DAL", "..\DAL\DAL\DAL.csproj", "{59ADE7D9-921C-4E35-B60F-5491C5171292}"
EndProject
Project("{FAE04EC0-301F-11D3-BF4B-00C04F79EFBC}") = "Application", "..\Application\Application\Application.csproj", "{7BB60244-BAB7-4358-9B36-EBB21C622780}"
EndProject
Global
	GlobalSection(SolutionConfigurationPlatforms) = preSolution
		Debug|Any CPU = Debug|Any CPU
		Release|Any CPU = Release|Any CPU
	EndGlobalSection
	GlobalSection(ProjectConfigurationPlatforms) = postSolution
		{48D9DB68-F7C5-4217-96BE-CF6B3A34C1AA}.Debug|Any CPU.ActiveCfg = Debug|Any CPU
		{48D9DB68-F7C5-4217-96BE-CF6B3A34C1AA}.Debug|Any CPU.Build.0 = Debug|Any CPU
		{48D9DB68-F7C5-4217-96BE-CF6B3A34C1AA}.Release|Any CPU.ActiveCfg = Release|Any CPU
		{48D9DB68-F7C5-4217-96BE-CF6B3A34C1AA}.Release|Any CPU.Build.0 = Release|Any CPU
		{FEE294E4-7313-47BE-9F45-F12F58FD69E6}.Debug|Any CPU.ActiveCfg = Debug|Any CPU
		{FEE294E4-7313-47BE-9F45-F12F58FD69E6}.Debug|Any CPU.Build.0 = Debug|Any CPU
		{FEE294E4-7313-47BE-9F45-F12F58FD69E6}.Release|Any CPU.ActiveCfg = Release|Any CPU
		{FEE294E4-7313-47BE-9F45-F12F58FD69E6}.Release|Any CPU.Build.0 = Release|Any CPU
		{59ADE7D9-921C-4E35-B60F-5491C5171292}.Debug|Any CPU.ActiveCfg = Debug|Any CPU
		{59ADE7D9-921C-4E35-B60F-5491C5171292}.Debug|Any CPU.Build.0 = Debug|Any CPU
		{59ADE7D9-921C-4E35-B60F-5491C5171292}.Release|Any CPU.ActiveCfg = Release|Any CPU
		{59ADE7D9-921C-4E35-B60F-5491C5171292}.Release|Any CPU.Build.0 = Release|Any CPU
		{7BB60244-BAB7-4358-9B36-EBB21C622780}.Debug|Any CPU.ActiveCfg = Debug|Any CPU
		{7BB60244-BAB7-4358-9B36-EBB21C622780}.Debug|Any CPU.Build.0 = Debug|Any CPU
		{7BB60244-BAB7-4358-9B36-EBB21C622780}.Release|Any CPU.ActiveCfg = Release|Any CPU
		{7BB60244-BAB7-4358-9B36-EBB21C622780}.Release|Any CPU.Build.0 = Release|Any CPU
	EndGlobalSection
	GlobalSection(SolutionProperties) = preSolution
		HideSolutionNode = FALSE
	EndGlobalSection
	GlobalSection(NestedProjects) = preSolution
		{48D9DB68-F7C5-4217-96BE-CF6B3A34C1AA} = {D34256FE-8163-4C80-9266-12483623B72D}
		{D34256FE-8163-4C80-9266-12483623B72D} = {A5B25D0E-2051-411F-B357-61CD085D5532}
		{FEE294E4-7313-47BE-9F45-F12F58FD69E6} = {A5B25D0E-2051-411F-B357-61CD085D5532}
		{59ADE7D9-921C-4E35-B60F-5491C5171292} = {A5B25D0E-2051-411F-B357-61CD085D5532}
		{7BB60244-BAB7-4358-9B36-EBB21C622780} = {A5B25D0E-2051-411F-B357-61CD085D5532}
	EndGlobalSection
	GlobalSection(ExtensibilityGlobals) = postSolution
		SolutionGuid = {5D0C977E-CFD0-4AB3-902F-4327032B2E4C}
	EndGlobalSection
EndGlobal
