
Microsoft Visual Studio Solution File, Format Version 12.00
# Visual Studio Version 16
VisualStudioVersion = 16.0.29806.167
MinimumVisualStudioVersion = 10.0.40219.1
Project("{2150E333-8FDC-42A3-9474-1A3956D46DE8}") = "src", "src", "{A5B25D0E-2051-411F-B357-61CD085D5532}"
EndProject
Project("{2150E333-8FDC-42A3-9474-1A3956D46DE8}") = "UI", "UI", "{D34256FE-8163-4C80-9266-12483623B72D}"
EndProject
Project("{2150E333-8FDC-42A3-9474-1A3956D46DE8}") = "tests", "tests", "{8B20D888-92E7-4EB8-920F-58909B5A7387}"
EndProject
Project("{9A19103F-16F7-4668-BE54-9A1E7A4F7556}") = "TestProjectForUSAR", "TestProjectForUSAR\TestProjectForUSAR.csproj", "{76169408-EB9D-4342-9037-EB2289AACA6A}"
EndProject
Project("{9A19103F-16F7-4668-BE54-9A1E7A4F7556}") = "Application", "Application\Application.csproj", "{60A02A83-9D85-46C8-B16C-4A8C5FB92412}"
EndProject
Project("{9A19103F-16F7-4668-BE54-9A1E7A4F7556}") = "Domain", "Domain\Domain.csproj", "{E4D1EEB5-B5F0-4D5D-845D-759599420265}"
EndProject
Project("{9A19103F-16F7-4668-BE54-9A1E7A4F7556}") = "DAL", "DAL\DAL.csproj", "{971F759E-C038-4A3D-92DC-059222E577C8}"
EndProject
Global
	GlobalSection(SolutionConfigurationPlatforms) = preSolution
		Debug|Any CPU = Debug|Any CPU
		Release|Any CPU = Release|Any CPU
	EndGlobalSection
	GlobalSection(ProjectConfigurationPlatforms) = postSolution
		{76169408-EB9D-4342-9037-EB2289AACA6A}.Debug|Any CPU.ActiveCfg = Debug|Any CPU
		{76169408-EB9D-4342-9037-EB2289AACA6A}.Debug|Any CPU.Build.0 = Debug|Any CPU
		{76169408-EB9D-4342-9037-EB2289AACA6A}.Release|Any CPU.ActiveCfg = Release|Any CPU
		{76169408-EB9D-4342-9037-EB2289AACA6A}.Release|Any CPU.Build.0 = Release|Any CPU
		{60A02A83-9D85-46C8-B16C-4A8C5FB92412}.Debug|Any CPU.ActiveCfg = Debug|Any CPU
		{60A02A83-9D85-46C8-B16C-4A8C5FB92412}.Debug|Any CPU.Build.0 = Debug|Any CPU
		{60A02A83-9D85-46C8-B16C-4A8C5FB92412}.Release|Any CPU.ActiveCfg = Release|Any CPU
		{60A02A83-9D85-46C8-B16C-4A8C5FB92412}.Release|Any CPU.Build.0 = Release|Any CPU
		{E4D1EEB5-B5F0-4D5D-845D-759599420265}.Debug|Any CPU.ActiveCfg = Debug|Any CPU
		{E4D1EEB5-B5F0-4D5D-845D-759599420265}.Debug|Any CPU.Build.0 = Debug|Any CPU
		{E4D1EEB5-B5F0-4D5D-845D-759599420265}.Release|Any CPU.ActiveCfg = Release|Any CPU
		{E4D1EEB5-B5F0-4D5D-845D-759599420265}.Release|Any CPU.Build.0 = Release|Any CPU
		{971F759E-C038-4A3D-92DC-059222E577C8}.Debug|Any CPU.ActiveCfg = Debug|Any CPU
		{971F759E-C038-4A3D-92DC-059222E577C8}.Debug|Any CPU.Build.0 = Debug|Any CPU
		{971F759E-C038-4A3D-92DC-059222E577C8}.Release|Any CPU.ActiveCfg = Release|Any CPU
		{971F759E-C038-4A3D-92DC-059222E577C8}.Release|Any CPU.Build.0 = Release|Any CPU
	EndGlobalSection
	GlobalSection(SolutionProperties) = preSolution
		HideSolutionNode = FALSE
	EndGlobalSection
	GlobalSection(NestedProjects) = preSolution
		{D34256FE-8163-4C80-9266-12483623B72D} = {A5B25D0E-2051-411F-B357-61CD085D5532}
		{76169408-EB9D-4342-9037-EB2289AACA6A} = {D34256FE-8163-4C80-9266-12483623B72D}
		{60A02A83-9D85-46C8-B16C-4A8C5FB92412} = {A5B25D0E-2051-411F-B357-61CD085D5532}
		{E4D1EEB5-B5F0-4D5D-845D-759599420265} = {A5B25D0E-2051-411F-B357-61CD085D5532}
		{971F759E-C038-4A3D-92DC-059222E577C8} = {A5B25D0E-2051-411F-B357-61CD085D5532}
	EndGlobalSection
	GlobalSection(ExtensibilityGlobals) = postSolution
		SolutionGuid = {5D0C977E-CFD0-4AB3-902F-4327032B2E4C}
	EndGlobalSection
EndGlobal
